
Microsoft Visual Studio Solution File, Format Version 12.00
# Visual Studio Version 16
VisualStudioVersion = 16.0.29905.134
MinimumVisualStudioVersion = 10.0.40219.1
Project("{FAE04EC0-301F-11D3-BF4B-00C04F79EFBC}") = "Practise7", "Practise7\Practise7.csproj", "{0AC87235-15CD-49B8-9E5D-2BE5C402EFBF}"
EndProject
Global
	GlobalSection(SolutionConfigurationPlatforms) = preSolution
		Debug|Any CPU = Debug|Any CPU
		Release|Any CPU = Release|Any CPU
	EndGlobalSection
	GlobalSection(ProjectConfigurationPlatforms) = postSolution
		{0AC87235-15CD-49B8-9E5D-2BE5C402EFBF}.Debug|Any CPU.ActiveCfg = Debug|Any CPU
		{0AC87235-15CD-49B8-9E5D-2BE5C402EFBF}.Debug|Any CPU.Build.0 = Debug|Any CPU
		{0AC87235-15CD-49B8-9E5D-2BE5C402EFBF}.Release|Any CPU.ActiveCfg = Release|Any CPU
		{0AC87235-15CD-49B8-9E5D-2BE5C402EFBF}.Release|Any CPU.Build.0 = Release|Any CPU
	EndGlobalSection
	GlobalSection(SolutionProperties) = preSolution
		HideSolutionNode = FALSE
	EndGlobalSection
	GlobalSection(ExtensibilityGlobals) = postSolution
		SolutionGuid = {020C0ACE-305A-43FC-B3A4-B737247B778F}
	EndGlobalSection
EndGlobal
